// !$*UTF8*$!
{
	archiveVersion = 1;
	classes = {
	};
	objectVersion = 46;
	objects = {

/* Begin PBXBuildFile section */
		4A2577FB1BF0158800CD62E1 /* main.m in Sources */ = {isa = PBXBuildFile; fileRef = 4A2577FA1BF0158800CD62E1 /* main.m */; };
		4A2577FE1BF0158800CD62E1 /* AppDelegate.m in Sources */ = {isa = PBXBuildFile; fileRef = 4A2577FD1BF0158800CD62E1 /* AppDelegate.m */; };
		4A2578011BF0158800CD62E1 /* ViewController.m in Sources */ = {isa = PBXBuildFile; fileRef = 4A2578001BF0158800CD62E1 /* ViewController.m */; };
		4A2578041BF0158800CD62E1 /* Main.storyboard in Resources */ = {isa = PBXBuildFile; fileRef = 4A2578021BF0158800CD62E1 /* Main.storyboard */; };
		4A2578061BF0158800CD62E1 /* Assets.xcassets in Resources */ = {isa = PBXBuildFile; fileRef = 4A2578051BF0158800CD62E1 /* Assets.xcassets */; };
		4A2578091BF0158800CD62E1 /* LaunchScreen.storyboard in Resources */ = {isa = PBXBuildFile; fileRef = 4A2578071BF0158800CD62E1 /* LaunchScreen.storyboard */; };
		4A2578141BF0158800CD62E1 /* Prueba_aplicacionTests.m in Sources */ = {isa = PBXBuildFile; fileRef = 4A2578131BF0158800CD62E1 /* Prueba_aplicacionTests.m */; };
		4A25781F1BF0158800CD62E1 /* Prueba_aplicacionUITests.m in Sources */ = {isa = PBXBuildFile; fileRef = 4A25781E1BF0158800CD62E1 /* Prueba_aplicacionUITests.m */; };
/* End PBXBuildFile section */

/* Begin PBXContainerItemProxy section */
		4A2578101BF0158800CD62E1 /* PBXContainerItemProxy */ = {
			isa = PBXContainerItemProxy;
			containerPortal = 4A2577EE1BF0158800CD62E1 /* Project object */;
			proxyType = 1;
			remoteGlobalIDString = 4A2577F51BF0158800CD62E1;
			remoteInfo = "Prueba aplicacion";
		};
		4A25781B1BF0158800CD62E1 /* PBXContainerItemProxy */ = {
			isa = PBXContainerItemProxy;
			containerPortal = 4A2577EE1BF0158800CD62E1 /* Project object */;
			proxyType = 1;
			remoteGlobalIDString = 4A2577F51BF0158800CD62E1;
			remoteInfo = "Prueba aplicacion";
		};
/* End PBXContainerItemProxy section */

/* Begin PBXFileReference section */
		4A2577F61BF0158800CD62E1 /* Prueba aplicacion.app */ = {isa = PBXFileReference; explicitFileType = wrapper.application; includeInIndex = 0; path = "Prueba aplicacion.app"; sourceTree = BUILT_PRODUCTS_DIR; };
		4A2577FA1BF0158800CD62E1 /* main.m */ = {isa = PBXFileReference; lastKnownFileType = sourcecode.c.objc; path = main.m; sourceTree = "<group>"; };
		4A2577FC1BF0158800CD62E1 /* AppDelegate.h */ = {isa = PBXFileReference; lastKnownFileType = sourcecode.c.h; path = AppDelegate.h; sourceTree = "<group>"; };
		4A2577FD1BF0158800CD62E1 /* AppDelegate.m */ = {isa = PBXFileReference; lastKnownFileType = sourcecode.c.objc; path = AppDelegate.m; sourceTree = "<group>"; };
		4A2577FF1BF0158800CD62E1 /* ViewController.h */ = {isa = PBXFileReference; lastKnownFileType = sourcecode.c.h; path = ViewController.h; sourceTree = "<group>"; };
		4A2578001BF0158800CD62E1 /* ViewController.m */ = {isa = PBXFileReference; lastKnownFileType = sourcecode.c.objc; path = ViewController.m; sourceTree = "<group>"; };
		4A2578031BF0158800CD62E1 /* Base */ = {isa = PBXFileReference; lastKnownFileType = file.storyboard; name = Base; path = Base.lproj/Main.storyboard; sourceTree = "<group>"; };
		4A2578051BF0158800CD62E1 /* Assets.xcassets */ = {isa = PBXFileReference; lastKnownFileType = folder.assetcatalog; path = Assets.xcassets; sourceTree = "<group>"; };
		4A2578081BF0158800CD62E1 /* Base */ = {isa = PBXFileReference; lastKnownFileType = file.storyboard; name = Base; path = Base.lproj/LaunchScreen.storyboard; sourceTree = "<group>"; };
		4A25780A1BF0158800CD62E1 /* Info.plist */ = {isa = PBXFileReference; lastKnownFileType = text.plist.xml; path = Info.plist; sourceTree = "<group>"; };
		4A25780F1BF0158800CD62E1 /* Prueba aplicacionTests.xctest */ = {isa = PBXFileReference; explicitFileType = wrapper.cfbundle; includeInIndex = 0; path = "Prueba aplicacionTests.xctest"; sourceTree = BUILT_PRODUCTS_DIR; };
		4A2578131BF0158800CD62E1 /* Prueba_aplicacionTests.m */ = {isa = PBXFileReference; lastKnownFileType = sourcecode.c.objc; path = Prueba_aplicacionTests.m; sourceTree = "<group>"; };
		4A2578151BF0158800CD62E1 /* Info.plist */ = {isa = PBXFileReference; lastKnownFileType = text.plist.xml; path = Info.plist; sourceTree = "<group>"; };
		4A25781A1BF0158800CD62E1 /* Prueba aplicacionUITests.xctest */ = {isa = PBXFileReference; explicitFileType = wrapper.cfbundle; includeInIndex = 0; path = "Prueba aplicacionUITests.xctest"; sourceTree = BUILT_PRODUCTS_DIR; };
		4A25781E1BF0158800CD62E1 /* Prueba_aplicacionUITests.m */ = {isa = PBXFileReference; lastKnownFileType = sourcecode.c.objc; path = Prueba_aplicacionUITests.m; sourceTree = "<group>"; };
		4A2578201BF0158800CD62E1 /* Info.plist */ = {isa = PBXFileReference; lastKnownFileType = text.plist.xml; path = Info.plist; sourceTree = "<group>"; };
/* End PBXFileReference section */

/* Begin PBXFrameworksBuildPhase section */
		4A2577F31BF0158800CD62E1 /* Frameworks */ = {
			isa = PBXFrameworksBuildPhase;
			buildActionMask = 2147483647;
			files = (
			);
			runOnlyForDeploymentPostprocessing = 0;
		};
		4A25780C1BF0158800CD62E1 /* Frameworks */ = {
			isa = PBXFrameworksBuildPhase;
			buildActionMask = 2147483647;
			files = (
			);
			runOnlyForDeploymentPostprocessing = 0;
		};
		4A2578171BF0158800CD62E1 /* Frameworks */ = {
			isa = PBXFrameworksBuildPhase;
			buildActionMask = 2147483647;
			files = (
			);
			runOnlyForDeploymentPostprocessing = 0;
		};
/* End PBXFrameworksBuildPhase section */

/* Begin PBXGroup section */
		4A2577ED1BF0158800CD62E1 = {
			isa = PBXGroup;
			children = (
				4A2577F81BF0158800CD62E1 /* Prueba aplicacion */,
				4A2578121BF0158800CD62E1 /* Prueba aplicacionTests */,
				4A25781D1BF0158800CD62E1 /* Prueba aplicacionUITests */,
				4A2577F71BF0158800CD62E1 /* Products */,
			);
			sourceTree = "<group>";
		};
		4A2577F71BF0158800CD62E1 /* Products */ = {
			isa = PBXGroup;
			children = (
				4A2577F61BF0158800CD62E1 /* Prueba aplicacion.app */,
				4A25780F1BF0158800CD62E1 /* Prueba aplicacionTests.xctest */,
				4A25781A1BF0158800CD62E1 /* Prueba aplicacionUITests.xctest */,
			);
			name = Products;
			sourceTree = "<group>";
		};
		4A2577F81BF0158800CD62E1 /* Prueba aplicacion */ = {
			isa = PBXGroup;
			children = (
				4A2577FC1BF0158800CD62E1 /* AppDelegate.h */,
				4A2577FD1BF0158800CD62E1 /* AppDelegate.m */,
				4A2577FF1BF0158800CD62E1 /* ViewController.h */,
				4A2578001BF0158800CD62E1 /* ViewController.m */,
				4A2578021BF0158800CD62E1 /* Main.storyboard */,
				4A2578051BF0158800CD62E1 /* Assets.xcassets */,
				4A2578071BF0158800CD62E1 /* LaunchScreen.storyboard */,
				4A25780A1BF0158800CD62E1 /* Info.plist */,
				4A2577F91BF0158800CD62E1 /* Supporting Files */,
			);
			path = "Prueba aplicacion";
			sourceTree = "<group>";
		};
		4A2577F91BF0158800CD62E1 /* Supporting Files */ = {
			isa = PBXGroup;
			children = (
				4A2577FA1BF0158800CD62E1 /* main.m */,
			);
			name = "Supporting Files";
			sourceTree = "<group>";
		};
		4A2578121BF0158800CD62E1 /* Prueba aplicacionTests */ = {
			isa = PBXGroup;
			children = (
				4A2578131BF0158800CD62E1 /* Prueba_aplicacionTests.m */,
				4A2578151BF0158800CD62E1 /* Info.plist */,
			);
			path = "Prueba aplicacionTests";
			sourceTree = "<group>";
		};
		4A25781D1BF0158800CD62E1 /* Prueba aplicacionUITests */ = {
			isa = PBXGroup;
			children = (
				4A25781E1BF0158800CD62E1 /* Prueba_aplicacionUITests.m */,
				4A2578201BF0158800CD62E1 /* Info.plist */,
			);
			path = "Prueba aplicacionUITests";
			sourceTree = "<group>";
		};
/* End PBXGroup section */

/* Begin PBXNativeTarget section */
		4A2577F51BF0158800CD62E1 /* Prueba aplicacion */ = {
			isa = PBXNativeTarget;
			buildConfigurationList = 4A2578231BF0158800CD62E1 /* Build configuration list for PBXNativeTarget "Prueba aplicacion" */;
			buildPhases = (
				4A2577F21BF0158800CD62E1 /* Sources */,
				4A2577F31BF0158800CD62E1 /* Frameworks */,
				4A2577F41BF0158800CD62E1 /* Resources */,
			);
			buildRules = (
			);
			dependencies = (
			);
			name = "Prueba aplicacion";
			productName = "Prueba aplicacion";
			productReference = 4A2577F61BF0158800CD62E1 /* Prueba aplicacion.app */;
			productType = "com.apple.product-type.application";
		};
		4A25780E1BF0158800CD62E1 /* Prueba aplicacionTests */ = {
			isa = PBXNativeTarget;
			buildConfigurationList = 4A2578261BF0158800CD62E1 /* Build configuration list for PBXNativeTarget "Prueba aplicacionTests" */;
			buildPhases = (
				4A25780B1BF0158800CD62E1 /* Sources */,
				4A25780C1BF0158800CD62E1 /* Frameworks */,
				4A25780D1BF0158800CD62E1 /* Resources */,
			);
			buildRules = (
			);
			dependencies = (
				4A2578111BF0158800CD62E1 /* PBXTargetDependency */,
			);
			name = "Prueba aplicacionTests";
			productName = "Prueba aplicacionTests";
			productReference = 4A25780F1BF0158800CD62E1 /* Prueba aplicacionTests.xctest */;
			productType = "com.apple.product-type.bundle.unit-test";
		};
		4A2578191BF0158800CD62E1 /* Prueba aplicacionUITests */ = {
			isa = PBXNativeTarget;
			buildConfigurationList = 4A2578291BF0158800CD62E1 /* Build configuration list for PBXNativeTarget "Prueba aplicacionUITests" */;
			buildPhases = (
				4A2578161BF0158800CD62E1 /* Sources */,
				4A2578171BF0158800CD62E1 /* Frameworks */,
				4A2578181BF0158800CD62E1 /* Resources */,
			);
			buildRules = (
			);
			dependencies = (
				4A25781C1BF0158800CD62E1 /* PBXTargetDependency */,
			);
			name = "Prueba aplicacionUITests";
			productName = "Prueba aplicacionUITests";
			productReference = 4A25781A1BF0158800CD62E1 /* Prueba aplicacionUITests.xctest */;
			productType = "com.apple.product-type.bundle.ui-testing";
		};
/* End PBXNativeTarget section */

/* Begin PBXProject section */
		4A2577EE1BF0158800CD62E1 /* Project object */ = {
			isa = PBXProject;
			attributes = {
				LastUpgradeCheck = 0720;
				ORGANIZATIONNAME = "Bernardo Castellano";
				TargetAttributes = {
					4A2577F51BF0158800CD62E1 = {
						CreatedOnToolsVersion = 7.2;
					};
					4A25780E1BF0158800CD62E1 = {
						CreatedOnToolsVersion = 7.2;
						TestTargetID = 4A2577F51BF0158800CD62E1;
					};
					4A2578191BF0158800CD62E1 = {
						CreatedOnToolsVersion = 7.2;
						TestTargetID = 4A2577F51BF0158800CD62E1;
					};
				};
			};
			buildConfigurationList = 4A2577F11BF0158800CD62E1 /* Build configuration list for PBXProject "Prueba aplicacion" */;
			compatibilityVersion = "Xcode 3.2";
			developmentRegion = English;
			hasScannedForEncodings = 0;
			knownRegions = (
				en,
				Base,
			);
			mainGroup = 4A2577ED1BF0158800CD62E1;
			productRefGroup = 4A2577F71BF0158800CD62E1 /* Products */;
			projectDirPath = "";
			projectRoot = "";
			targets = (
				4A2577F51BF0158800CD62E1 /* Prueba aplicacion */,
				4A25780E1BF0158800CD62E1 /* Prueba aplicacionTests */,
				4A2578191BF0158800CD62E1 /* Prueba aplicacionUITests */,
			);
		};
/* End PBXProject section */

/* Begin PBXResourcesBuildPhase section */
		4A2577F41BF0158800CD62E1 /* Resources */ = {
			isa = PBXResourcesBuildPhase;
			buildActionMask = 2147483647;
			files = (
				4A2578091BF0158800CD62E1 /* LaunchScreen.storyboard in Resources */,
				4A2578061BF0158800CD62E1 /* Assets.xcassets in Resources */,
				4A2578041BF0158800CD62E1 /* Main.storyboard in Resources */,
			);
			runOnlyForDeploymentPostprocessing = 0;
		};
		4A25780D1BF0158800CD62E1 /* Resources */ = {
			isa = PBXResourcesBuildPhase;
			buildActionMask = 2147483647;
			files = (
			);
			runOnlyForDeploymentPostprocessing = 0;
		};
		4A2578181BF0158800CD62E1 /* Resources */ = {
			isa = PBXResourcesBuildPhase;
			buildActionMask = 2147483647;
			files = (
			);
			runOnlyForDeploymentPostprocessing = 0;
		};
/* End PBXResourcesBuildPhase section */

/* Begin PBXSourcesBuildPhase section */
		4A2577F21BF0158800CD62E1 /* Sources */ = {
			isa = PBXSourcesBuildPhase;
			buildActionMask = 2147483647;
			files = (
				4A2578011BF0158800CD62E1 /* ViewController.m in Sources */,
				4A2577FE1BF0158800CD62E1 /* AppDelegate.m in Sources */,
				4A2577FB1BF0158800CD62E1 /* main.m in Sources */,
			);
			runOnlyForDeploymentPostprocessing = 0;
		};
		4A25780B1BF0158800CD62E1 /* Sources */ = {
			isa = PBXSourcesBuildPhase;
			buildActionMask = 2147483647;
			files = (
				4A2578141BF0158800CD62E1 /* Prueba_aplicacionTests.m in Sources */,
			);
			runOnlyForDeploymentPostprocessing = 0;
		};
		4A2578161BF0158800CD62E1 /* Sources */ = {
			isa = PBXSourcesBuildPhase;
			buildActionMask = 2147483647;
			files = (
				4A25781F1BF0158800CD62E1 /* Prueba_aplicacionUITests.m in Sources */,
			);
			runOnlyForDeploymentPostprocessing = 0;
		};
/* End PBXSourcesBuildPhase section */

/* Begin PBXTargetDependency section */
		4A2578111BF0158800CD62E1 /* PBXTargetDependency */ = {
			isa = PBXTargetDependency;
			target = 4A2577F51BF0158800CD62E1 /* Prueba aplicacion */;
			targetProxy = 4A2578101BF0158800CD62E1 /* PBXContainerItemProxy */;
		};
		4A25781C1BF0158800CD62E1 /* PBXTargetDependency */ = {
			isa = PBXTargetDependency;
			target = 4A2577F51BF0158800CD62E1 /* Prueba aplicacion */;
			targetProxy = 4A25781B1BF0158800CD62E1 /* PBXContainerItemProxy */;
		};
/* End PBXTargetDependency section */

/* Begin PBXVariantGroup section */
		4A2578021BF0158800CD62E1 /* Main.storyboard */ = {
			isa = PBXVariantGroup;
			children = (
				4A2578031BF0158800CD62E1 /* Base */,
			);
			name = Main.storyboard;
			sourceTree = "<group>";
		};
		4A2578071BF0158800CD62E1 /* LaunchScreen.storyboard */ = {
			isa = PBXVariantGroup;
			children = (
				4A2578081BF0158800CD62E1 /* Base */,
			);
			name = LaunchScreen.storyboard;
			sourceTree = "<group>";
		};
/* End PBXVariantGroup section */

/* Begin XCBuildConfiguration section */
		4A2578211BF0158800CD62E1 /* Debug */ = {
			isa = XCBuildConfiguration;
			buildSettings = {
				ALWAYS_SEARCH_USER_PATHS = NO;
				CLANG_CXX_LANGUAGE_STANDARD = "gnu++0x";
				CLANG_CXX_LIBRARY = "libc++";
				CLANG_ENABLE_MODULES = YES;
				CLANG_ENABLE_OBJC_ARC = YES;
				CLANG_WARN_BOOL_CONVERSION = YES;
				CLANG_WARN_CONSTANT_CONVERSION = YES;
				CLANG_WARN_DIRECT_OBJC_ISA_USAGE = YES_ERROR;
				CLANG_WARN_EMPTY_BODY = YES;
				CLANG_WARN_ENUM_CONVERSION = YES;
				CLANG_WARN_INT_CONVERSION = YES;
				CLANG_WARN_OBJC_ROOT_CLASS = YES_ERROR;
				CLANG_WARN_UNREACHABLE_CODE = YES;
				CLANG_WARN__DUPLICATE_METHOD_MATCH = YES;
				"CODE_SIGN_IDENTITY[sdk=iphoneos*]" = "iPhone Developer";
				COPY_PHASE_STRIP = NO;
				DEBUG_INFORMATION_FORMAT = dwarf;
				ENABLE_STRICT_OBJC_MSGSEND = YES;
				ENABLE_TESTABILITY = YES;
				GCC_C_LANGUAGE_STANDARD = gnu99;
				GCC_DYNAMIC_NO_PIC = NO;
				GCC_NO_COMMON_BLOCKS = YES;
				GCC_OPTIMIZATION_LEVEL = 0;
				GCC_PREPROCESSOR_DEFINITIONS = (
					"DEBUG=1",
					"$(inherited)",
				);
				GCC_WARN_64_TO_32_BIT_CONVERSION = YES;
				GCC_WARN_ABOUT_RETURN_TYPE = YES_ERROR;
				GCC_WARN_UNDECLARED_SELECTOR = YES;
				GCC_WARN_UNINITIALIZED_AUTOS = YES_AGGRESSIVE;
				GCC_WARN_UNUSED_FUNCTION = YES;
				GCC_WARN_UNUSED_VARIABLE = YES;
				IPHONEOS_DEPLOYMENT_TARGET = 9.2;
				MTL_ENABLE_DEBUG_INFO = YES;
				ONLY_ACTIVE_ARCH = YES;
				SDKROOT = iphoneos;
				TARGETED_DEVICE_FAMILY = "1,2";
			};
			name = Debug;
		};
		4A2578221BF0158800CD62E1 /* Release */ = {
			isa = XCBuildConfiguration;
			buildSettings = {
				ALWAYS_SEARCH_USER_PATHS = NO;
				CLANG_CXX_LANGUAGE_STANDARD = "gnu++0x";
				CLANG_CXX_LIBRARY = "libc++";
				CLANG_ENABLE_MODULES = YES;
				CLANG_ENABLE_OBJC_ARC = YES;
				CLANG_WARN_BOOL_CONVERSION = YES;
				CLANG_WARN_CONSTANT_CONVERSION = YES;
				CLANG_WARN_DIRECT_OBJC_ISA_USAGE = YES_ERROR;
				CLANG_WARN_EMPTY_BODY = YES;
				CLANG_WARN_ENUM_CONVERSION = YES;
				CLANG_WARN_INT_CONVERSION = YES;
				CLANG_WARN_OBJC_ROOT_CLASS = YES_ERROR;
				CLANG_WARN_UNREACHABLE_CODE = YES;
				CLANG_WARN__DUPLICATE_METHOD_MATCH = YES;
				"CODE_SIGN_IDENTITY[sdk=iphoneos*]" = "iPhone Developer";
				COPY_PHASE_STRIP = NO;
				DEBUG_INFORMATION_FORMAT = "dwarf-with-dsym";
				ENABLE_NS_ASSERTIONS = NO;
				ENABLE_STRICT_OBJC_MSGSEND = YES;
				GCC_C_LANGUAGE_STANDARD = gnu99;
				GCC_NO_COMMON_BLOCKS = YES;
				GCC_WARN_64_TO_32_BIT_CONVERSION = YES;
				GCC_WARN_ABOUT_RETURN_TYPE = YES_ERROR;
				GCC_WARN_UNDECLARED_SELECTOR = YES;
				GCC_WARN_UNINITIALIZED_AUTOS = YES_AGGRESSIVE;
				GCC_WARN_UNUSED_FUNCTION = YES;
				GCC_WARN_UNUSED_VARIABLE = YES;
				IPHONEOS_DEPLOYMENT_TARGET = 9.2;
				MTL_ENABLE_DEBUG_INFO = NO;
				SDKROOT = iphoneos;
				TARGETED_DEVICE_FAMILY = "1,2";
				VALIDATE_PRODUCT = YES;
			};
			name = Release;
		};
		4A2578241BF0158800CD62E1 /* Debug */ = {
			isa = XCBuildConfiguration;
			buildSettings = {
				ASSETCATALOG_COMPILER_APPICON_NAME = AppIcon;
				INFOPLIST_FILE = "Prueba aplicacion/Info.plist";
				LD_RUNPATH_SEARCH_PATHS = "$(inherited) @executable_path/Frameworks";
				PRODUCT_BUNDLE_IDENTIFIER = "UAB.Prueba-aplicacion";
				PRODUCT_NAME = "$(TARGET_NAME)";
			};
			name = Debug;
		};
		4A2578251BF0158800CD62E1 /* Release */ = {
			isa = XCBuildConfiguration;
			buildSettings = {
				ASSETCATALOG_COMPILER_APPICON_NAME = AppIcon;
				INFOPLIST_FILE = "Prueba aplicacion/Info.plist";
				LD_RUNPATH_SEARCH_PATHS = "$(inherited) @executable_path/Frameworks";
				PRODUCT_BUNDLE_IDENTIFIER = "UAB.Prueba-aplicacion";
				PRODUCT_NAME = "$(TARGET_NAME)";
			};
			name = Release;
		};
		4A2578271BF0158800CD62E1 /* Debug */ = {
			isa = XCBuildConfiguration;
			buildSettings = {
				BUNDLE_LOADER = "$(TEST_HOST)";
				INFOPLIST_FILE = "Prueba aplicacionTests/Info.plist";
				LD_RUNPATH_SEARCH_PATHS = "$(inherited) @executable_path/Frameworks @loader_path/Frameworks";
				PRODUCT_BUNDLE_IDENTIFIER = "UAB.Prueba-aplicacionTests";
				PRODUCT_NAME = "$(TARGET_NAME)";
				TEST_HOST = "$(BUILT_PRODUCTS_DIR)/Prueba aplicacion.app/Prueba aplicacion";
			};
			name = Debug;
		};
		4A2578281BF0158800CD62E1 /* Release */ = {
			isa = XCBuildConfiguration;
			buildSettings = {
				BUNDLE_LOADER = "$(TEST_HOST)";
				INFOPLIST_FILE = "Prueba aplicacionTests/Info.plist";
				LD_RUNPATH_SEARCH_PATHS = "$(inherited) @executable_path/Frameworks @loader_path/Frameworks";
				PRODUCT_BUNDLE_IDENTIFIER = "UAB.Prueba-aplicacionTests";
				PRODUCT_NAME = "$(TARGET_NAME)";
				TEST_HOST = "$(BUILT_PRODUCTS_DIR)/Prueba aplicacion.app/Prueba aplicacion";
			};
			name = Release;
		};
		4A25782A1BF0158800CD62E1 /* Debug */ = {
			isa = XCBuildConfiguration;
			buildSettings = {
				INFOPLIST_FILE = "Prueba aplicacionUITests/Info.plist";
				LD_RUNPATH_SEARCH_PATHS = "$(inherited) @executable_path/Frameworks @loader_path/Frameworks";
				PRODUCT_BUNDLE_IDENTIFIER = "UAB.Prueba-aplicacionUITests";
				PRODUCT_NAME = "$(TARGET_NAME)";
				TEST_TARGET_NAME = "Prueba aplicacion";
				USES_XCTRUNNER = YES;
			};
			name = Debug;
		};
		4A25782B1BF0158800CD62E1 /* Release */ = {
			isa = XCBuildConfiguration;
			buildSettings = {
				INFOPLIST_FILE = "Prueba aplicacionUITests/Info.plist";
				LD_RUNPATH_SEARCH_PATHS = "$(inherited) @executable_path/Frameworks @loader_path/Frameworks";
				PRODUCT_BUNDLE_IDENTIFIER = "UAB.Prueba-aplicacionUITests";
				PRODUCT_NAME = "$(TARGET_NAME)";
				TEST_TARGET_NAME = "Prueba aplicacion";
				USES_XCTRUNNER = YES;
			};
			name = Release;
		};
/* End XCBuildConfiguration section */

/* Begin XCConfigurationList section */
		4A2577F11BF0158800CD62E1 /* Build configuration list for PBXProject "Prueba aplicacion" */ = {
			isa = XCConfigurationList;
			buildConfigurations = (
				4A2578211BF0158800CD62E1 /* Debug */,
				4A2578221BF0158800CD62E1 /* Release */,
			);
			defaultConfigurationIsVisible = 0;
			defaultConfigurationName = Release;
		};
		4A2578231BF0158800CD62E1 /* Build configuration list for PBXNativeTarget "Prueba aplicacion" */ = {
			isa = XCConfigurationList;
			buildConfigurations = (
				4A2578241BF0158800CD62E1 /* Debug */,
				4A2578251BF0158800CD62E1 /* Release */,
			);
			defaultConfigurationIsVisible = 0;
		};
		4A2578261BF0158800CD62E1 /* Build configuration list for PBXNativeTarget "Prueba aplicacionTests" */ = {
			isa = XCConfigurationList;
			buildConfigurations = (
				4A2578271BF0158800CD62E1 /* Debug */,
				4A2578281BF0158800CD62E1 /* Release */,
			);
			defaultConfigurationIsVisible = 0;
		};
		4A2578291BF0158800CD62E1 /* Build configuration list for PBXNativeTarget "Prueba aplicacionUITests" */ = {
			isa = XCConfigurationList;
			buildConfigurations = (
				4A25782A1BF0158800CD62E1 /* Debug */,
				4A25782B1BF0158800CD62E1 /* Release */,
			);
			defaultConfigurationIsVisible = 0;
		};
/* End XCConfigurationList section */
	};
	rootObject = 4A2577EE1BF0158800CD62E1 /* Project object */;
}
